github.com/eapache/go-resiliency v1.2.0 h1:v7g92e/KSN71Rq7vSThKaWIq68fL4YHvWyiUKorFR1Q=
github.com/eapache/go-resiliency v1.2.0/go.mod h1:kFI+JgMyC7bLPUVY133qvEBtVayf5mFgVsvEsIPBvNs=
github.com/mackerelio/go-osstat v0.1.0 h1:e57QHeHob8kKJ5FhcXGdzx5O6Ktuc5RHMDIkeqhgkFA=
github.com/mackerelio/go-osstat v0.1.0/go.mod h1:1K3NeYLhMHPvzUu+ePYXtoB58wkaRpxZsGClZBJyIFw=
github.com/robfig/cron v1.2.0 h1:ZjScXvvxeQ63Dbyxy76Fj3AT3Ut0aKsyd2/tl3DTMuQ=
github.com/robfig/cron v1.2.0/go.mod h1:JGuDeoQd7Z6yL4zQhZ3OPEVHB7fL6Ka6skscFHfmt2k=
github.com/robfig/cron/v3 v3.0.1 h1:WdRxkvbJztn8LMz/QEvLN5sBU+xKpSqwwUO1Pjr4qDs=
github.com/robfig/cron/v3 v3.0.1/go.mod h1:eQICP3HwyT7UooqI/z+Ov+PtYAWygg1TEWWzGIFLtro=
github.com/ryanuber/columnize v2.1.2+incompatible h1:C89EOx/XBWwIXl8wm8OPJBd7kPF25UfsK2X7Ph/zCAk=
github.com/ryanuber/columnize v2.1.2+incompatible/go.mod h1:sm1tb6uqfes/u+d4ooFouqFdy9/2g9QGwK3SQygK0Ts=
golang.org/x/sys v0.0.0-20190410235845-0ad05ae3009d/go.mod h1:h1NjWce9XRLGQEsW7wpKNCjG9DtNlClVuFLEZdDNbEs=
